PODS:
  - Alamofire (5.1.0)
  - ChameleonFramework/Default (2.1.0)
  - ChameleonFramework/Swift (2.1.0):
    - ChameleonFramework/Default
  - SDWebImage (5.7.3):
    - SDWebImage/Core (= 5.7.3)
  - SDWebImage/Core (5.7.3)
  - SwiftyJSON (5.0.0)

DEPENDENCIES:
  - Alamofire (~> 5.1)
  - ChameleonFramework/Swift (from `https://github.com/wowansm/Chameleon`, branch `swift5`)
  - SDWebImage (~> 5.7.3)
  - SwiftyJSON (~> 5.0)

SPEC REPOS:
  trunk:
    - Alamofire
    - SDWebImage
    - SwiftyJSON

EXTERNAL SOURCES:
  ChameleonFramework:
    :branch: swift5
    :git: https://github.com/wowansm/Chameleon

CHECKOUT OPTIONS:
  ChameleonFramework:
    :commit: 96d52c36a45847fff60bcff7a58fec1e4bd7390b
    :git: https://github.com/wowansm/Chameleon

SPEC CHECKSUMS:
  Alamofire: 9d5c5f602928e512395b30950c5984eca840093c
  ChameleonFramework: d21a3cc247abfe5e37609a283a8238b03575cf64
  SDWebImage: 97351f6582ceca541ea294ba66a1fcb342a331c2
  SwiftyJSON: 36413e04c44ee145039d332b4f4e2d3e8d6c4db7

PODFILE CHECKSUM: 3f764c2371e2c9766ce380fbabccc6c983fb2adb

COCOAPODS: 1.9.1
